
Microsoft Visual Studio Solution File, Format Version 12.00
# Visual Studio Version 17
VisualStudioVersion = 17.9.34607.119
MinimumVisualStudioVersion = 10.0.40219.1
Project("{8BC9CEB8-8B4A-11D0-8D11-00A0C91BC942}") = "StreamReaderandWriter_0125", "StreamReaderandWriter_0125\StreamReaderandWriter_0125.vcxproj", "{40601C76-9416-4892-AE4A-43800E8B10B2}"
EndProject
Project("{8BC9CEB8-8B4A-11D0-8D11-00A0C91BC942}") = "loFileWithPath", "loFileWithPath\loFileWithPath.vcxproj", "{77EF0A55-4D9D-43ED-BB81-7F505B2B607A}"
EndProject
Project("{8BC9CEB8-8B4A-11D0-8D11-00A0C91BC942}") = "exeptionStandard", "exeptionStandard\exeptionStandard.vcxproj", "{6A53A1C3-52D1-4047-A245-EBDDA3541D5B}"
EndProject
Global
	GlobalSection(SolutionConfigurationPlatforms) = preSolution
		Debug|x64 = Debug|x64
		Debug|x86 = Debug|x86
		Release|x64 = Release|x64
		Release|x86 = Release|x86
	EndGlobalSection
	GlobalSection(ProjectConfigurationPlatforms) = postSolution
		{40601C76-9416-4892-AE4A-43800E8B10B2}.Debug|x64.ActiveCfg = Debug|x64
		{40601C76-9416-4892-AE4A-43800E8B10B2}.Debug|x64.Build.0 = Debug|x64
		{40601C76-9416-4892-AE4A-43800E8B10B2}.Debug|x86.ActiveCfg = Debug|Win32
		{40601C76-9416-4892-AE4A-43800E8B10B2}.Debug|x86.Build.0 = Debug|Win32
		{40601C76-9416-4892-AE4A-43800E8B10B2}.Release|x64.ActiveCfg = Release|x64
		{40601C76-9416-4892-AE4A-43800E8B10B2}.Release|x64.Build.0 = Release|x64
		{40601C76-9416-4892-AE4A-43800E8B10B2}.Release|x86.ActiveCfg = Release|Win32
		{40601C76-9416-4892-AE4A-43800E8B10B2}.Release|x86.Build.0 = Release|Win32
		{77EF0A55-4D9D-43ED-BB81-7F505B2B607A}.Debug|x64.ActiveCfg = Debug|x64
		{77EF0A55-4D9D-43ED-BB81-7F505B2B607A}.Debug|x64.Build.0 = Debug|x64
		{77EF0A55-4D9D-43ED-BB81-7F505B2B607A}.Debug|x86.ActiveCfg = Debug|Win32
		{77EF0A55-4D9D-43ED-BB81-7F505B2B607A}.Debug|x86.Build.0 = Debug|Win32
		{77EF0A55-4D9D-43ED-BB81-7F505B2B607A}.Release|x64.ActiveCfg = Release|x64
		{77EF0A55-4D9D-43ED-BB81-7F505B2B607A}.Release|x64.Build.0 = Release|x64
		{77EF0A55-4D9D-43ED-BB81-7F505B2B607A}.Release|x86.ActiveCfg = Release|Win32
		{77EF0A55-4D9D-43ED-BB81-7F505B2B607A}.Release|x86.Build.0 = Release|Win32
		{6A53A1C3-52D1-4047-A245-EBDDA3541D5B}.Debug|x64.ActiveCfg = Debug|x64
		{6A53A1C3-52D1-4047-A245-EBDDA3541D5B}.Debug|x64.Build.0 = Debug|x64
		{6A53A1C3-52D1-4047-A245-EBDDA3541D5B}.Debug|x86.ActiveCfg = Debug|Win32
		{6A53A1C3-52D1-4047-A245-EBDDA3541D5B}.Debug|x86.Build.0 = Debug|Win32
		{6A53A1C3-52D1-4047-A245-EBDDA3541D5B}.Release|x64.ActiveCfg = Release|x64
		{6A53A1C3-52D1-4047-A245-EBDDA3541D5B}.Release|x64.Build.0 = Release|x64
		{6A53A1C3-52D1-4047-A245-EBDDA3541D5B}.Release|x86.ActiveCfg = Release|Win32
		{6A53A1C3-52D1-4047-A245-EBDDA3541D5B}.Release|x86.Build.0 = Release|Win32
	EndGlobalSection
	GlobalSection(SolutionProperties) = preSolution
		HideSolutionNode = FALSE
	EndGlobalSection
	GlobalSection(ExtensibilityGlobals) = postSolution
		SolutionGuid = {51E4D3FE-B330-4014-9357-145E1016D665}
	EndGlobalSection
EndGlobal
